
Microsoft Visual Studio Solution File, Format Version 12.00
# Visual Studio Version 16
VisualStudioVersion = 16.0.30309.148
MinimumVisualStudioVersion = 10.0.40219.1
Project("{FAE04EC0-301F-11D3-BF4B-00C04F79EFBC}") = "TesteBackendJr", "TesteBackendJr\TesteBackendJr.csproj", "{3CF5E631-DC38-4822-A3EC-2D40403D137A}"
EndProject
Global
	GlobalSection(SolutionConfigurationPlatforms) = preSolution
		Debug|Any CPU = Debug|Any CPU
		Release|Any CPU = Release|Any CPU
	EndGlobalSection
	GlobalSection(ProjectConfigurationPlatforms) = postSolution
		{3CF5E631-DC38-4822-A3EC-2D40403D137A}.Debug|Any CPU.ActiveCfg = Debug|Any CPU
		{3CF5E631-DC38-4822-A3EC-2D40403D137A}.Debug|Any CPU.Build.0 = Debug|Any CPU
		{3CF5E631-DC38-4822-A3EC-2D40403D137A}.Release|Any CPU.ActiveCfg = Release|Any CPU
		{3CF5E631-DC38-4822-A3EC-2D40403D137A}.Release|Any CPU.Build.0 = Release|Any CPU
	EndGlobalSection
	GlobalSection(SolutionProperties) = preSolution
		HideSolutionNode = FALSE
	EndGlobalSection
	GlobalSection(ExtensibilityGlobals) = postSolution
		SolutionGuid = {F662BECA-CFF0-4E96-9D1D-AEEDBC8AAC51}
	EndGlobalSection
EndGlobal
